
Microsoft Visual Studio Solution File, Format Version 12.00
# Visual Studio Version 17
VisualStudioVersion = 17.7.34031.279
MinimumVisualStudioVersion = 10.0.40219.1
Project("{9A19103F-16F7-4668-BE54-9A1E7A4F7556}") = "ConsoleApp1", "ConsoleApp1\ConsoleApp1.csproj", "{122C0709-FAF6-4DE7-A888-AB954558A11D}"
EndProject
Project("{FAE04EC0-301F-11D3-BF4B-00C04F79EFBC}") = "TestProject1", "TestProject1\TestProject1.csproj", "{4D72CA66-372B-4E9C-8186-C61B34A2B64F}"
EndProject
Global
	GlobalSection(SolutionConfigurationPlatforms) = preSolution
		Debug|Any CPU = Debug|Any CPU
		Release|Any CPU = Release|Any CPU
	EndGlobalSection
	GlobalSection(ProjectConfigurationPlatforms) = postSolution
		{122C0709-FAF6-4DE7-A888-AB954558A11D}.Debug|Any CPU.ActiveCfg = Debug|Any CPU
		{122C0709-FAF6-4DE7-A888-AB954558A11D}.Debug|Any CPU.Build.0 = Debug|Any CPU
		{122C0709-FAF6-4DE7-A888-AB954558A11D}.Release|Any CPU.ActiveCfg = Release|Any CPU
		{122C0709-FAF6-4DE7-A888-AB954558A11D}.Release|Any CPU.Build.0 = Release|Any CPU
		{4D72CA66-372B-4E9C-8186-C61B34A2B64F}.Debug|Any CPU.ActiveCfg = Debug|Any CPU
		{4D72CA66-372B-4E9C-8186-C61B34A2B64F}.Debug|Any CPU.Build.0 = Debug|Any CPU
		{4D72CA66-372B-4E9C-8186-C61B34A2B64F}.Release|Any CPU.ActiveCfg = Release|Any CPU
		{4D72CA66-372B-4E9C-8186-C61B34A2B64F}.Release|Any CPU.Build.0 = Release|Any CPU
	EndGlobalSection
	GlobalSection(SolutionProperties) = preSolution
		HideSolutionNode = FALSE
	EndGlobalSection
	GlobalSection(ExtensibilityGlobals) = postSolution
		SolutionGuid = {9E0F05C9-468D-49E4-B884-B08BB2955815}
	EndGlobalSection
EndGlobal
